
Microsoft Visual Studio Solution File, Format Version 12.00
# Visual Studio Version 17
VisualStudioVersion = 17.10.35122.118
MinimumVisualStudioVersion = 10.0.40219.1
Project("{FAE04EC0-301F-11D3-BF4B-00C04F79EFBC}") = "JwtAuthNet8", "JwtAuthNet8\JwtAuthNet8.csproj", "{92514246-59FD-46DE-99FE-BCBD8904CAD1}"
EndProject
Global
	GlobalSection(SolutionConfigurationPlatforms) = preSolution
		Debug|Any CPU = Debug|Any CPU
		Release|Any CPU = Release|Any CPU
	EndGlobalSection
	GlobalSection(ProjectConfigurationPlatforms) = postSolution
		{92514246-59FD-46DE-99FE-BCBD8904CAD1}.Debug|Any CPU.ActiveCfg = Debug|Any CPU
		{92514246-59FD-46DE-99FE-BCBD8904CAD1}.Debug|Any CPU.Build.0 = Debug|Any CPU
		{92514246-59FD-46DE-99FE-BCBD8904CAD1}.Release|Any CPU.ActiveCfg = Release|Any CPU
		{92514246-59FD-46DE-99FE-BCBD8904CAD1}.Release|Any CPU.Build.0 = Release|Any CPU
	EndGlobalSection
	GlobalSection(SolutionProperties) = preSolution
		HideSolutionNode = FALSE
	EndGlobalSection
	GlobalSection(ExtensibilityGlobals) = postSolution
		SolutionGuid = {E4C8CB29-30D5-442A-B0F8-802ACC26AFFA}
	EndGlobalSection
EndGlobal
